
Microsoft Visual Studio Solution File, Format Version 12.00
# Visual Studio Version 17
VisualStudioVersion = 17.5.002.0
MinimumVisualStudioVersion = 10.0.40219.1
Project("{9A19103F-16F7-4668-BE54-9A1E7A4F7556}") = "headers.api", "headers.api\headers.api.csproj", "{BDAA1030-EDC3-49C0-8666-8D7BC09DD69B}"
EndProject
Global
	GlobalSection(SolutionConfigurationPlatforms) = preSolution
		Debug|Any CPU = Debug|Any CPU
		Release|Any CPU = Release|Any CPU
	EndGlobalSection
	GlobalSection(ProjectConfigurationPlatforms) = postSolution
		{BDAA1030-EDC3-49C0-8666-8D7BC09DD69B}.Debug|Any CPU.ActiveCfg = Debug|Any CPU
		{BDAA1030-EDC3-49C0-8666-8D7BC09DD69B}.Debug|Any CPU.Build.0 = Debug|Any CPU
		{BDAA1030-EDC3-49C0-8666-8D7BC09DD69B}.Release|Any CPU.ActiveCfg = Release|Any CPU
		{BDAA1030-EDC3-49C0-8666-8D7BC09DD69B}.Release|Any CPU.Build.0 = Release|Any CPU
	EndGlobalSection
	GlobalSection(SolutionProperties) = preSolution
		HideSolutionNode = FALSE
	EndGlobalSection
	GlobalSection(ExtensibilityGlobals) = postSolution
		SolutionGuid = {72E6D2D2-6139-40B8-A4BB-AE50FCD9BC7D}
	EndGlobalSection
EndGlobal
